
Microsoft Visual Studio Solution File, Format Version 12.00
# Visual Studio Version 17
VisualStudioVersion = 17.5.33530.505
MinimumVisualStudioVersion = 10.0.40219.1
Project("{9A19103F-16F7-4668-BE54-9A1E7A4F7556}") = "DogsApp_Api", "DogsApp_Api\DogsApp_Api.csproj", "{C61532B0-45C4-4EE9-9315-77A75D6CE15F}"
EndProject
Project("{9A19103F-16F7-4668-BE54-9A1E7A4F7556}") = "DogsApp_BL", "DogsApp_BL\DogsApp_BL.csproj", "{EE2357CE-5D30-4192-8356-476EA3BF9AE2}"
EndProject
Project("{9A19103F-16F7-4668-BE54-9A1E7A4F7556}") = "DogsApp_DAL", "DogsApp_DAL\DogsApp_DAL.csproj", "{8EE91BE0-44D6-40F5-A534-8172B6D01C98}"
EndProject
Project("{9A19103F-16F7-4668-BE54-9A1E7A4F7556}") = "DogsApp_Core", "DogsApp_Core\DogsApp_Core.csproj", "{F68785B4-6C20-42D7-BE09-CB55303B00B2}"
EndProject
Project("{FAE04EC0-301F-11D3-BF4B-00C04F79EFBC}") = "DogsApp_Tests", "DogsApp_Tests\DogsApp_Tests.csproj", "{A2B0015F-0519-460C-A516-3BE63F9CE8E7}"
EndProject
Global
	GlobalSection(SolutionConfigurationPlatforms) = preSolution
		Debug|Any CPU = Debug|Any CPU
		Release|Any CPU = Release|Any CPU
	EndGlobalSection
	GlobalSection(ProjectConfigurationPlatforms) = postSolution
		{C61532B0-45C4-4EE9-9315-77A75D6CE15F}.Debug|Any CPU.ActiveCfg = Debug|Any CPU
		{C61532B0-45C4-4EE9-9315-77A75D6CE15F}.Debug|Any CPU.Build.0 = Debug|Any CPU
		{C61532B0-45C4-4EE9-9315-77A75D6CE15F}.Release|Any CPU.ActiveCfg = Release|Any CPU
		{C61532B0-45C4-4EE9-9315-77A75D6CE15F}.Release|Any CPU.Build.0 = Release|Any CPU
		{EE2357CE-5D30-4192-8356-476EA3BF9AE2}.Debug|Any CPU.ActiveCfg = Debug|Any CPU
		{EE2357CE-5D30-4192-8356-476EA3BF9AE2}.Debug|Any CPU.Build.0 = Debug|Any CPU
		{EE2357CE-5D30-4192-8356-476EA3BF9AE2}.Release|Any CPU.ActiveCfg = Release|Any CPU
		{EE2357CE-5D30-4192-8356-476EA3BF9AE2}.Release|Any CPU.Build.0 = Release|Any CPU
		{8EE91BE0-44D6-40F5-A534-8172B6D01C98}.Debug|Any CPU.ActiveCfg = Debug|Any CPU
		{8EE91BE0-44D6-40F5-A534-8172B6D01C98}.Debug|Any CPU.Build.0 = Debug|Any CPU
		{8EE91BE0-44D6-40F5-A534-8172B6D01C98}.Release|Any CPU.ActiveCfg = Release|Any CPU
		{8EE91BE0-44D6-40F5-A534-8172B6D01C98}.Release|Any CPU.Build.0 = Release|Any CPU
		{F68785B4-6C20-42D7-BE09-CB55303B00B2}.Debug|Any CPU.ActiveCfg = Debug|Any CPU
		{F68785B4-6C20-42D7-BE09-CB55303B00B2}.Debug|Any CPU.Build.0 = Debug|Any CPU
		{F68785B4-6C20-42D7-BE09-CB55303B00B2}.Release|Any CPU.ActiveCfg = Release|Any CPU
		{F68785B4-6C20-42D7-BE09-CB55303B00B2}.Release|Any CPU.Build.0 = Release|Any CPU
		{A2B0015F-0519-460C-A516-3BE63F9CE8E7}.Debug|Any CPU.ActiveCfg = Debug|Any CPU
		{A2B0015F-0519-460C-A516-3BE63F9CE8E7}.Debug|Any CPU.Build.0 = Debug|Any CPU
		{A2B0015F-0519-460C-A516-3BE63F9CE8E7}.Release|Any CPU.ActiveCfg = Release|Any CPU
		{A2B0015F-0519-460C-A516-3BE63F9CE8E7}.Release|Any CPU.Build.0 = Release|Any CPU
	EndGlobalSection
	GlobalSection(SolutionProperties) = preSolution
		HideSolutionNode = FALSE
	EndGlobalSection
	GlobalSection(ExtensibilityGlobals) = postSolution
		SolutionGuid = {F279894B-7188-4DEB-8FB7-674458713A6F}
	EndGlobalSection
EndGlobal
